
Microsoft Visual Studio Solution File, Format Version 12.00
# Visual Studio 15
VisualStudioVersion = 15.0.28307.489
MinimumVisualStudioVersion = 10.0.40219.1
Project("{FAE04EC0-301F-11D3-BF4B-00C04F79EFBC}") = "KWfire_game", "KWfire_game\KWfire_game.csproj", "{06DBF2CC-F1B4-490F-9404-C6A64DF5CBF2}"
EndProject
Project("{FAE04EC0-301F-11D3-BF4B-00C04F79EFBC}") = "KWfire_gameTests", "KWfire_gameTests\KWfire_gameTests.csproj", "{18C40B13-0A52-40DC-9B3B-82E37C959372}"
EndProject
Global
	GlobalSection(SolutionConfigurationPlatforms) = preSolution
		Debug|Any CPU = Debug|Any CPU
		Release|Any CPU = Release|Any CPU
	EndGlobalSection
	GlobalSection(ProjectConfigurationPlatforms) = postSolution
		{06DBF2CC-F1B4-490F-9404-C6A64DF5CBF2}.Debug|Any CPU.ActiveCfg = Debug|Any CPU
		{06DBF2CC-F1B4-490F-9404-C6A64DF5CBF2}.Debug|Any CPU.Build.0 = Debug|Any CPU
		{06DBF2CC-F1B4-490F-9404-C6A64DF5CBF2}.Release|Any CPU.ActiveCfg = Release|Any CPU
		{06DBF2CC-F1B4-490F-9404-C6A64DF5CBF2}.Release|Any CPU.Build.0 = Release|Any CPU
		{18C40B13-0A52-40DC-9B3B-82E37C959372}.Debug|Any CPU.ActiveCfg = Debug|Any CPU
		{18C40B13-0A52-40DC-9B3B-82E37C959372}.Debug|Any CPU.Build.0 = Debug|Any CPU
		{18C40B13-0A52-40DC-9B3B-82E37C959372}.Release|Any CPU.ActiveCfg = Release|Any CPU
		{18C40B13-0A52-40DC-9B3B-82E37C959372}.Release|Any CPU.Build.0 = Release|Any CPU
	EndGlobalSection
	GlobalSection(SolutionProperties) = preSolution
		HideSolutionNode = FALSE
	EndGlobalSection
	GlobalSection(ExtensibilityGlobals) = postSolution
		SolutionGuid = {2A53FEB4-6E0A-4407-AAD2-2AA52377D961}
	EndGlobalSection
EndGlobal
